
Microsoft Visual Studio Solution File, Format Version 12.00
# Visual Studio 15
VisualStudioVersion = 15.0.28307.329
MinimumVisualStudioVersion = 10.0.40219.1
Project("{FAE04EC0-301F-11D3-BF4B-00C04F79EFBC}") = "App2.Android", "App2\App2.Android\App2.Android.csproj", "{295B4EA6-FF7F-4321-9EC8-CDFA4A01BB64}"
EndProject
Project("{FAE04EC0-301F-11D3-BF4B-00C04F79EFBC}") = "App2.iOS", "App2\App2.iOS\App2.iOS.csproj", "{02DBC196-1AA7-40BE-9EC2-52C954397454}"
EndProject
Project("{FAE04EC0-301F-11D3-BF4B-00C04F79EFBC}") = "App2", "App2\App2\App2.csproj", "{B1E4EEC9-6FBE-4960-839E-C5E046FD496A}"
EndProject
Global
	GlobalSection(SolutionConfigurationPlatforms) = preSolution
		Ad-Hoc|Any CPU = Ad-Hoc|Any CPU
		Ad-Hoc|iPhone = Ad-Hoc|iPhone
		Ad-Hoc|iPhoneSimulator = Ad-Hoc|iPhoneSimulator
		AppStore|Any CPU = AppStore|Any CPU
		AppStore|iPhone = AppStore|iPhone
		AppStore|iPhoneSimulator = AppStore|iPhoneSimulator
		Debug|Any CPU = Debug|Any CPU
		Debug|iPhone = Debug|iPhone
		Debug|iPhoneSimulator = Debug|iPhoneSimulator
		Release|Any CPU = Release|Any CPU
		Release|iPhone = Release|iPhone
		Release|iPhoneSimulator = Release|iPhoneSimulator
	EndGlobalSection
	GlobalSection(ProjectConfigurationPlatforms) = postSolution
		{295B4EA6-FF7F-4321-9EC8-CDFA4A01BB64}.Ad-Hoc|Any CPU.ActiveCfg = Release|Any CPU
		{295B4EA6-FF7F-4321-9EC8-CDFA4A01BB64}.Ad-Hoc|Any CPU.Build.0 = Release|Any CPU
		{295B4EA6-FF7F-4321-9EC8-CDFA4A01BB64}.Ad-Hoc|Any CPU.Deploy.0 = Release|Any CPU
		{295B4EA6-FF7F-4321-9EC8-CDFA4A01BB64}.Ad-Hoc|iPhone.ActiveCfg = Release|Any CPU
		{295B4EA6-FF7F-4321-9EC8-CDFA4A01BB64}.Ad-Hoc|iPhone.Build.0 = Release|Any CPU
		{295B4EA6-FF7F-4321-9EC8-CDFA4A01BB64}.Ad-Hoc|iPhone.Deploy.0 = Release|Any CPU
		{295B4EA6-FF7F-4321-9EC8-CDFA4A01BB64}.Ad-Hoc|iPhoneSimulator.ActiveCfg = Release|Any CPU
		{295B4EA6-FF7F-4321-9EC8-CDFA4A01BB64}.Ad-Hoc|iPhoneSimulator.Build.0 = Release|Any CPU
		{295B4EA6-FF7F-4321-9EC8-CDFA4A01BB64}.Ad-Hoc|iPhoneSimulator.Deploy.0 = Release|Any CPU
		{295B4EA6-FF7F-4321-9EC8-CDFA4A01BB64}.AppStore|Any CPU.ActiveCfg = Release|Any CPU
		{295B4EA6-FF7F-4321-9EC8-CDFA4A01BB64}.AppStore|Any CPU.Build.0 = Release|Any CPU
		{295B4EA6-FF7F-4321-9EC8-CDFA4A01BB64}.AppStore|Any CPU.Deploy.0 = Release|Any CPU
		{295B4EA6-FF7F-4321-9EC8-CDFA4A01BB64}.AppStore|iPhone.ActiveCfg = Release|Any CPU
		{295B4EA6-FF7F-4321-9EC8-CDFA4A01BB64}.AppStore|iPhone.Build.0 = Release|Any CPU
		{295B4EA6-FF7F-4321-9EC8-CDFA4A01BB64}.AppStore|iPhone.Deploy.0 = Release|Any CPU
		{295B4EA6-FF7F-4321-9EC8-CDFA4A01BB64}.AppStore|iPhoneSimulator.ActiveCfg = Release|Any CPU
		{295B4EA6-FF7F-4321-9EC8-CDFA4A01BB64}.AppStore|iPhoneSimulator.Build.0 = Release|Any CPU
		{295B4EA6-FF7F-4321-9EC8-CDFA4A01BB64}.AppStore|iPhoneSimulator.Deploy.0 = Release|Any CPU
		{295B4EA6-FF7F-4321-9EC8-CDFA4A01BB64}.Debug|Any CPU.ActiveCfg = Debug|Any CPU
		{295B4EA6-FF7F-4321-9EC8-CDFA4A01BB64}.Debug|Any CPU.Build.0 = Debug|Any CPU
		{295B4EA6-FF7F-4321-9EC8-CDFA4A01BB64}.Debug|Any CPU.Deploy.0 = Debug|Any CPU
		{295B4EA6-FF7F-4321-9EC8-CDFA4A01BB64}.Debug|iPhone.ActiveCfg = Debug|Any CPU
		{295B4EA6-FF7F-4321-9EC8-CDFA4A01BB64}.Debug|iPhone.Build.0 = Debug|Any CPU
		{295B4EA6-FF7F-4321-9EC8-CDFA4A01BB64}.Debug|iPhone.Deploy.0 = Debug|Any CPU
		{295B4EA6-FF7F-4321-9EC8-CDFA4A01BB64}.Debug|iPhoneSimulator.ActiveCfg = Debug|Any CPU
		{295B4EA6-FF7F-4321-9EC8-CDFA4A01BB64}.Debug|iPhoneSimulator.Build.0 = Debug|Any CPU
		{295B4EA6-FF7F-4321-9EC8-CDFA4A01BB64}.Debug|iPhoneSimulator.Deploy.0 = Debug|Any CPU
		{295B4EA6-FF7F-4321-9EC8-CDFA4A01BB64}.Release|Any CPU.ActiveCfg = Release|Any CPU
		{295B4EA6-FF7F-4321-9EC8-CDFA4A01BB64}.Release|Any CPU.Build.0 = Release|Any CPU
		{295B4EA6-FF7F-4321-9EC8-CDFA4A01BB64}.Release|Any CPU.Deploy.0 = Release|Any CPU
		{295B4EA6-FF7F-4321-9EC8-CDFA4A01BB64}.Release|iPhone.ActiveCfg = Release|Any CPU
		{295B4EA6-FF7F-4321-9EC8-CDFA4A01BB64}.Release|iPhone.Build.0 = Release|Any CPU
		{295B4EA6-FF7F-4321-9EC8-CDFA4A01BB64}.Release|iPhone.Deploy.0 = Release|Any CPU
		{295B4EA6-FF7F-4321-9EC8-CDFA4A01BB64}.Release|iPhoneSimulator.ActiveCfg = Release|Any CPU
		{295B4EA6-FF7F-4321-9EC8-CDFA4A01BB64}.Release|iPhoneSimulator.Build.0 = Release|Any CPU
		{295B4EA6-FF7F-4321-9EC8-CDFA4A01BB64}.Release|iPhoneSimulator.Deploy.0 = Release|Any CPU
		{02DBC196-1AA7-40BE-9EC2-52C954397454}.Ad-Hoc|Any CPU.ActiveCfg = Ad-Hoc|iPhone
		{02DBC196-1AA7-40BE-9EC2-52C954397454}.Ad-Hoc|Any CPU.Build.0 = Ad-Hoc|iPhone
		{02DBC196-1AA7-40BE-9EC2-52C954397454}.Ad-Hoc|Any CPU.Deploy.0 = Ad-Hoc|iPhone
		{02DBC196-1AA7-40BE-9EC2-52C954397454}.Ad-Hoc|iPhone.ActiveCfg = Ad-Hoc|iPhone
		{02DBC196-1AA7-40BE-9EC2-52C954397454}.Ad-Hoc|iPhone.Build.0 = Ad-Hoc|iPhone
		{02DBC196-1AA7-40BE-9EC2-52C954397454}.Ad-Hoc|iPhone.Deploy.0 = Ad-Hoc|iPhone
		{02DBC196-1AA7-40BE-9EC2-52C954397454}.Ad-Hoc|iPhoneSimulator.ActiveCfg = Ad-Hoc|iPhoneSimulator
		{02DBC196-1AA7-40BE-9EC2-52C954397454}.Ad-Hoc|iPhoneSimulator.Build.0 = Ad-Hoc|iPhoneSimulator
		{02DBC196-1AA7-40BE-9EC2-52C954397454}.Ad-Hoc|iPhoneSimulator.Deploy.0 = Ad-Hoc|iPhoneSimulator
		{02DBC196-1AA7-40BE-9EC2-52C954397454}.AppStore|Any CPU.ActiveCfg = AppStore|iPhone
		{02DBC196-1AA7-40BE-9EC2-52C954397454}.AppStore|Any CPU.Build.0 = AppStore|iPhone
		{02DBC196-1AA7-40BE-9EC2-52C954397454}.AppStore|Any CPU.Deploy.0 = AppStore|iPhone
		{02DBC196-1AA7-40BE-9EC2-52C954397454}.AppStore|iPhone.ActiveCfg = AppStore|iPhone
		{02DBC196-1AA7-40BE-9EC2-52C954397454}.AppStore|iPhone.Build.0 = AppStore|iPhone
		{02DBC196-1AA7-40BE-9EC2-52C954397454}.AppStore|iPhone.Deploy.0 = AppStore|iPhone
		{02DBC196-1AA7-40BE-9EC2-52C954397454}.AppStore|iPhoneSimulator.ActiveCfg = AppStore|iPhoneSimulator
		{02DBC196-1AA7-40BE-9EC2-52C954397454}.AppStore|iPhoneSimulator.Build.0 = AppStore|iPhoneSimulator
		{02DBC196-1AA7-40BE-9EC2-52C954397454}.AppStore|iPhoneSimulator.Deploy.0 = AppStore|iPhoneSimulator
		{02DBC196-1AA7-40BE-9EC2-52C954397454}.Debug|Any CPU.ActiveCfg = Debug|iPhoneSimulator
		{02DBC196-1AA7-40BE-9EC2-52C954397454}.Debug|Any CPU.Build.0 = Debug|iPhoneSimulator
		{02DBC196-1AA7-40BE-9EC2-52C954397454}.Debug|Any CPU.Deploy.0 = Debug|iPhoneSimulator
		{02DBC196-1AA7-40BE-9EC2-52C954397454}.Debug|iPhone.ActiveCfg = Debug|iPhone
		{02DBC196-1AA7-40BE-9EC2-52C954397454}.Debug|iPhone.Build.0 = Debug|iPhone
		{02DBC196-1AA7-40BE-9EC2-52C954397454}.Debug|iPhone.Deploy.0 = Debug|iPhone
		{02DBC196-1AA7-40BE-9EC2-52C954397454}.Debug|iPhoneSimulator.ActiveCfg = Debug|iPhoneSimulator
		{02DBC196-1AA7-40BE-9EC2-52C954397454}.Debug|iPhoneSimulator.Build.0 = Debug|iPhoneSimulator
		{02DBC196-1AA7-40BE-9EC2-52C954397454}.Debug|iPhoneSimulator.Deploy.0 = Debug|iPhoneSimulator
		{02DBC196-1AA7-40BE-9EC2-52C954397454}.Release|Any CPU.ActiveCfg = Release|iPhone
		{02DBC196-1AA7-40BE-9EC2-52C954397454}.Release|Any CPU.Build.0 = Release|iPhone
		{02DBC196-1AA7-40BE-9EC2-52C954397454}.Release|Any CPU.Deploy.0 = Release|iPhone
		{02DBC196-1AA7-40BE-9EC2-52C954397454}.Release|iPhone.ActiveCfg = Release|iPhone
		{02DBC196-1AA7-40BE-9EC2-52C954397454}.Release|iPhone.Build.0 = Release|iPhone
		{02DBC196-1AA7-40BE-9EC2-52C954397454}.Release|iPhone.Deploy.0 = Release|iPhone
		{02DBC196-1AA7-40BE-9EC2-52C954397454}.Release|iPhoneSimulator.ActiveCfg = Release|iPhoneSimulator
		{02DBC196-1AA7-40BE-9EC2-52C954397454}.Release|iPhoneSimulator.Build.0 = Release|iPhoneSimulator
		{02DBC196-1AA7-40BE-9EC2-52C954397454}.Release|iPhoneSimulator.Deploy.0 = Release|iPhoneSimulator
		{B1E4EEC9-6FBE-4960-839E-C5E046FD496A}.Ad-Hoc|Any CPU.ActiveCfg = Debug|Any CPU
		{B1E4EEC9-6FBE-4960-839E-C5E046FD496A}.Ad-Hoc|Any CPU.Build.0 = Debug|Any CPU
		{B1E4EEC9-6FBE-4960-839E-C5E046FD496A}.Ad-Hoc|Any CPU.Deploy.0 = Debug|Any CPU
		{B1E4EEC9-6FBE-4960-839E-C5E046FD496A}.Ad-Hoc|iPhone.ActiveCfg = Debug|Any CPU
		{B1E4EEC9-6FBE-4960-839E-C5E046FD496A}.Ad-Hoc|iPhone.Build.0 = Debug|Any CPU
		{B1E4EEC9-6FBE-4960-839E-C5E046FD496A}.Ad-Hoc|iPhone.Deploy.0 = Debug|Any CPU
		{B1E4EEC9-6FBE-4960-839E-C5E046FD496A}.Ad-Hoc|iPhoneSimulator.ActiveCfg = Debug|Any CPU
		{B1E4EEC9-6FBE-4960-839E-C5E046FD496A}.Ad-Hoc|iPhoneSimulator.Build.0 = Debug|Any CPU
		{B1E4EEC9-6FBE-4960-839E-C5E046FD496A}.Ad-Hoc|iPhoneSimulator.Deploy.0 = Debug|Any CPU
		{B1E4EEC9-6FBE-4960-839E-C5E046FD496A}.AppStore|Any CPU.ActiveCfg = Debug|Any CPU
		{B1E4EEC9-6FBE-4960-839E-C5E046FD496A}.AppStore|Any CPU.Build.0 = Debug|Any CPU
		{B1E4EEC9-6FBE-4960-839E-C5E046FD496A}.AppStore|Any CPU.Deploy.0 = Debug|Any CPU
		{B1E4EEC9-6FBE-4960-839E-C5E046FD496A}.AppStore|iPhone.ActiveCfg = Debug|Any CPU
		{B1E4EEC9-6FBE-4960-839E-C5E046FD496A}.AppStore|iPhone.Build.0 = Debug|Any CPU
		{B1E4EEC9-6FBE-4960-839E-C5E046FD496A}.AppStore|iPhone.Deploy.0 = Debug|Any CPU
		{B1E4EEC9-6FBE-4960-839E-C5E046FD496A}.AppStore|iPhoneSimulator.ActiveCfg = Debug|Any CPU
		{B1E4EEC9-6FBE-4960-839E-C5E046FD496A}.AppStore|iPhoneSimulator.Build.0 = Debug|Any CPU
		{B1E4EEC9-6FBE-4960-839E-C5E046FD496A}.AppStore|iPhoneSimulator.Deploy.0 = Debug|Any CPU
		{B1E4EEC9-6FBE-4960-839E-C5E046FD496A}.Debug|Any CPU.ActiveCfg = Debug|Any CPU
		{B1E4EEC9-6FBE-4960-839E-C5E046FD496A}.Debug|Any CPU.Build.0 = Debug|Any CPU
		{B1E4EEC9-6FBE-4960-839E-C5E046FD496A}.Debug|Any CPU.Deploy.0 = Debug|Any CPU
		{B1E4EEC9-6FBE-4960-839E-C5E046FD496A}.Debug|iPhone.ActiveCfg = Debug|Any CPU
		{B1E4EEC9-6FBE-4960-839E-C5E046FD496A}.Debug|iPhone.Build.0 = Debug|Any CPU
		{B1E4EEC9-6FBE-4960-839E-C5E046FD496A}.Debug|iPhone.Deploy.0 = Debug|Any CPU
		{B1E4EEC9-6FBE-4960-839E-C5E046FD496A}.Debug|iPhoneSimulator.ActiveCfg = Debug|Any CPU
		{B1E4EEC9-6FBE-4960-839E-C5E046FD496A}.Debug|iPhoneSimulator.Build.0 = Debug|Any CPU
		{B1E4EEC9-6FBE-4960-839E-C5E046FD496A}.Debug|iPhoneSimulator.Deploy.0 = Debug|Any CPU
		{B1E4EEC9-6FBE-4960-839E-C5E046FD496A}.Release|Any CPU.ActiveCfg = Release|Any CPU
		{B1E4EEC9-6FBE-4960-839E-C5E046FD496A}.Release|Any CPU.Build.0 = Release|Any CPU
		{B1E4EEC9-6FBE-4960-839E-C5E046FD496A}.Release|Any CPU.Deploy.0 = Release|Any CPU
		{B1E4EEC9-6FBE-4960-839E-C5E046FD496A}.Release|iPhone.ActiveCfg = Release|Any CPU
		{B1E4EEC9-6FBE-4960-839E-C5E046FD496A}.Release|iPhone.Build.0 = Release|Any CPU
		{B1E4EEC9-6FBE-4960-839E-C5E046FD496A}.Release|iPhone.Deploy.0 = Release|Any CPU
		{B1E4EEC9-6FBE-4960-839E-C5E046FD496A}.Release|iPhoneSimulator.ActiveCfg = Release|Any CPU
		{B1E4EEC9-6FBE-4960-839E-C5E046FD496A}.Release|iPhoneSimulator.Build.0 = Release|Any CPU
		{B1E4EEC9-6FBE-4960-839E-C5E046FD496A}.Release|iPhoneSimulator.Deploy.0 = Release|Any CPU
	EndGlobalSection
	GlobalSection(SolutionProperties) = preSolution
		HideSolutionNode = FALSE
	EndGlobalSection
	GlobalSection(ExtensibilityGlobals) = postSolution
		SolutionGuid = {200B0D58-8A0E-4C65-91F5-13E03805A814}
	EndGlobalSection
EndGlobal
