
Microsoft Visual Studio Solution File, Format Version 12.00
# Visual Studio 15
VisualStudioVersion = 15.0.28307.329
MinimumVisualStudioVersion = 10.0.40219.1
Project("{FAE04EC0-301F-11D3-BF4B-00C04F79EFBC}") = "GpoSHka.Android", "GpoSHka\GpoSHka.Android\GpoSHka.Android.csproj", "{57A0A63C-3205-4413-BFFD-64DC670873AD}"
EndProject
Project("{FAE04EC0-301F-11D3-BF4B-00C04F79EFBC}") = "GpoSHka.iOS", "GpoSHka\GpoSHka.iOS\GpoSHka.iOS.csproj", "{E6683B84-C5EC-497C-8767-EC0DA74B6128}"
EndProject
Project("{FAE04EC0-301F-11D3-BF4B-00C04F79EFBC}") = "GpoSHka", "GpoSHka\GpoSHka\GpoSHka.csproj", "{FBB72337-DED9-4AEB-815F-EE5711F3EC11}"
EndProject
Global
	GlobalSection(SolutionConfigurationPlatforms) = preSolution
		Ad-Hoc|Any CPU = Ad-Hoc|Any CPU
		Ad-Hoc|iPhone = Ad-Hoc|iPhone
		Ad-Hoc|iPhoneSimulator = Ad-Hoc|iPhoneSimulator
		AppStore|Any CPU = AppStore|Any CPU
		AppStore|iPhone = AppStore|iPhone
		AppStore|iPhoneSimulator = AppStore|iPhoneSimulator
		Debug|Any CPU = Debug|Any CPU
		Debug|iPhone = Debug|iPhone
		Debug|iPhoneSimulator = Debug|iPhoneSimulator
		Release|Any CPU = Release|Any CPU
		Release|iPhone = Release|iPhone
		Release|iPhoneSimulator = Release|iPhoneSimulator
	EndGlobalSection
	GlobalSection(ProjectConfigurationPlatforms) = postSolution
		{57A0A63C-3205-4413-BFFD-64DC670873AD}.Ad-Hoc|Any CPU.ActiveCfg = Release|Any CPU
		{57A0A63C-3205-4413-BFFD-64DC670873AD}.Ad-Hoc|Any CPU.Build.0 = Release|Any CPU
		{57A0A63C-3205-4413-BFFD-64DC670873AD}.Ad-Hoc|Any CPU.Deploy.0 = Release|Any CPU
		{57A0A63C-3205-4413-BFFD-64DC670873AD}.Ad-Hoc|iPhone.ActiveCfg = Release|Any CPU
		{57A0A63C-3205-4413-BFFD-64DC670873AD}.Ad-Hoc|iPhone.Build.0 = Release|Any CPU
		{57A0A63C-3205-4413-BFFD-64DC670873AD}.Ad-Hoc|iPhone.Deploy.0 = Release|Any CPU
		{57A0A63C-3205-4413-BFFD-64DC670873AD}.Ad-Hoc|iPhoneSimulator.ActiveCfg = Release|Any CPU
		{57A0A63C-3205-4413-BFFD-64DC670873AD}.Ad-Hoc|iPhoneSimulator.Build.0 = Release|Any CPU
		{57A0A63C-3205-4413-BFFD-64DC670873AD}.Ad-Hoc|iPhoneSimulator.Deploy.0 = Release|Any CPU
		{57A0A63C-3205-4413-BFFD-64DC670873AD}.AppStore|Any CPU.ActiveCfg = Release|Any CPU
		{57A0A63C-3205-4413-BFFD-64DC670873AD}.AppStore|Any CPU.Build.0 = Release|Any CPU
		{57A0A63C-3205-4413-BFFD-64DC670873AD}.AppStore|Any CPU.Deploy.0 = Release|Any CPU
		{57A0A63C-3205-4413-BFFD-64DC670873AD}.AppStore|iPhone.ActiveCfg = Release|Any CPU
		{57A0A63C-3205-4413-BFFD-64DC670873AD}.AppStore|iPhone.Build.0 = Release|Any CPU
		{57A0A63C-3205-4413-BFFD-64DC670873AD}.AppStore|iPhone.Deploy.0 = Release|Any CPU
		{57A0A63C-3205-4413-BFFD-64DC670873AD}.AppStore|iPhoneSimulator.ActiveCfg = Release|Any CPU
		{57A0A63C-3205-4413-BFFD-64DC670873AD}.AppStore|iPhoneSimulator.Build.0 = Release|Any CPU
		{57A0A63C-3205-4413-BFFD-64DC670873AD}.AppStore|iPhoneSimulator.Deploy.0 = Release|Any CPU
		{57A0A63C-3205-4413-BFFD-64DC670873AD}.Debug|Any CPU.ActiveCfg = Debug|Any CPU
		{57A0A63C-3205-4413-BFFD-64DC670873AD}.Debug|Any CPU.Build.0 = Debug|Any CPU
		{57A0A63C-3205-4413-BFFD-64DC670873AD}.Debug|Any CPU.Deploy.0 = Debug|Any CPU
		{57A0A63C-3205-4413-BFFD-64DC670873AD}.Debug|iPhone.ActiveCfg = Debug|Any CPU
		{57A0A63C-3205-4413-BFFD-64DC670873AD}.Debug|iPhone.Build.0 = Debug|Any CPU
		{57A0A63C-3205-4413-BFFD-64DC670873AD}.Debug|iPhone.Deploy.0 = Debug|Any CPU
		{57A0A63C-3205-4413-BFFD-64DC670873AD}.Debug|iPhoneSimulator.ActiveCfg = Debug|Any CPU
		{57A0A63C-3205-4413-BFFD-64DC670873AD}.Debug|iPhoneSimulator.Build.0 = Debug|Any CPU
		{57A0A63C-3205-4413-BFFD-64DC670873AD}.Debug|iPhoneSimulator.Deploy.0 = Debug|Any CPU
		{57A0A63C-3205-4413-BFFD-64DC670873AD}.Release|Any CPU.ActiveCfg = Release|Any CPU
		{57A0A63C-3205-4413-BFFD-64DC670873AD}.Release|Any CPU.Build.0 = Release|Any CPU
		{57A0A63C-3205-4413-BFFD-64DC670873AD}.Release|Any CPU.Deploy.0 = Release|Any CPU
		{57A0A63C-3205-4413-BFFD-64DC670873AD}.Release|iPhone.ActiveCfg = Release|Any CPU
		{57A0A63C-3205-4413-BFFD-64DC670873AD}.Release|iPhone.Build.0 = Release|Any CPU
		{57A0A63C-3205-4413-BFFD-64DC670873AD}.Release|iPhone.Deploy.0 = Release|Any CPU
		{57A0A63C-3205-4413-BFFD-64DC670873AD}.Release|iPhoneSimulator.ActiveCfg = Release|Any CPU
		{57A0A63C-3205-4413-BFFD-64DC670873AD}.Release|iPhoneSimulator.Build.0 = Release|Any CPU
		{57A0A63C-3205-4413-BFFD-64DC670873AD}.Release|iPhoneSimulator.Deploy.0 = Release|Any CPU
		{E6683B84-C5EC-497C-8767-EC0DA74B6128}.Ad-Hoc|Any CPU.ActiveCfg = Ad-Hoc|iPhone
		{E6683B84-C5EC-497C-8767-EC0DA74B6128}.Ad-Hoc|Any CPU.Build.0 = Ad-Hoc|iPhone
		{E6683B84-C5EC-497C-8767-EC0DA74B6128}.Ad-Hoc|Any CPU.Deploy.0 = Ad-Hoc|iPhone
		{E6683B84-C5EC-497C-8767-EC0DA74B6128}.Ad-Hoc|iPhone.ActiveCfg = Ad-Hoc|iPhone
		{E6683B84-C5EC-497C-8767-EC0DA74B6128}.Ad-Hoc|iPhone.Build.0 = Ad-Hoc|iPhone
		{E6683B84-C5EC-497C-8767-EC0DA74B6128}.Ad-Hoc|iPhone.Deploy.0 = Ad-Hoc|iPhone
		{E6683B84-C5EC-497C-8767-EC0DA74B6128}.Ad-Hoc|iPhoneSimulator.ActiveCfg = Ad-Hoc|iPhoneSimulator
		{E6683B84-C5EC-497C-8767-EC0DA74B6128}.Ad-Hoc|iPhoneSimulator.Build.0 = Ad-Hoc|iPhoneSimulator
		{E6683B84-C5EC-497C-8767-EC0DA74B6128}.Ad-Hoc|iPhoneSimulator.Deploy.0 = Ad-Hoc|iPhoneSimulator
		{E6683B84-C5EC-497C-8767-EC0DA74B6128}.AppStore|Any CPU.ActiveCfg = AppStore|iPhone
		{E6683B84-C5EC-497C-8767-EC0DA74B6128}.AppStore|Any CPU.Build.0 = AppStore|iPhone
		{E6683B84-C5EC-497C-8767-EC0DA74B6128}.AppStore|Any CPU.Deploy.0 = AppStore|iPhone
		{E6683B84-C5EC-497C-8767-EC0DA74B6128}.AppStore|iPhone.ActiveCfg = AppStore|iPhone
		{E6683B84-C5EC-497C-8767-EC0DA74B6128}.AppStore|iPhone.Build.0 = AppStore|iPhone
		{E6683B84-C5EC-497C-8767-EC0DA74B6128}.AppStore|iPhone.Deploy.0 = AppStore|iPhone
		{E6683B84-C5EC-497C-8767-EC0DA74B6128}.AppStore|iPhoneSimulator.ActiveCfg = AppStore|iPhoneSimulator
		{E6683B84-C5EC-497C-8767-EC0DA74B6128}.AppStore|iPhoneSimulator.Build.0 = AppStore|iPhoneSimulator
		{E6683B84-C5EC-497C-8767-EC0DA74B6128}.AppStore|iPhoneSimulator.Deploy.0 = AppStore|iPhoneSimulator
		{E6683B84-C5EC-497C-8767-EC0DA74B6128}.Debug|Any CPU.ActiveCfg = Debug|iPhoneSimulator
		{E6683B84-C5EC-497C-8767-EC0DA74B6128}.Debug|Any CPU.Build.0 = Debug|iPhoneSimulator
		{E6683B84-C5EC-497C-8767-EC0DA74B6128}.Debug|Any CPU.Deploy.0 = Debug|iPhoneSimulator
		{E6683B84-C5EC-497C-8767-EC0DA74B6128}.Debug|iPhone.ActiveCfg = Debug|iPhone
		{E6683B84-C5EC-497C-8767-EC0DA74B6128}.Debug|iPhone.Build.0 = Debug|iPhone
		{E6683B84-C5EC-497C-8767-EC0DA74B6128}.Debug|iPhone.Deploy.0 = Debug|iPhone
		{E6683B84-C5EC-497C-8767-EC0DA74B6128}.Debug|iPhoneSimulator.ActiveCfg = Debug|iPhoneSimulator
		{E6683B84-C5EC-497C-8767-EC0DA74B6128}.Debug|iPhoneSimulator.Build.0 = Debug|iPhoneSimulator
		{E6683B84-C5EC-497C-8767-EC0DA74B6128}.Debug|iPhoneSimulator.Deploy.0 = Debug|iPhoneSimulator
		{E6683B84-C5EC-497C-8767-EC0DA74B6128}.Release|Any CPU.ActiveCfg = Release|iPhone
		{E6683B84-C5EC-497C-8767-EC0DA74B6128}.Release|Any CPU.Build.0 = Release|iPhone
		{E6683B84-C5EC-497C-8767-EC0DA74B6128}.Release|Any CPU.Deploy.0 = Release|iPhone
		{E6683B84-C5EC-497C-8767-EC0DA74B6128}.Release|iPhone.ActiveCfg = Release|iPhone
		{E6683B84-C5EC-497C-8767-EC0DA74B6128}.Release|iPhone.Build.0 = Release|iPhone
		{E6683B84-C5EC-497C-8767-EC0DA74B6128}.Release|iPhone.Deploy.0 = Release|iPhone
		{E6683B84-C5EC-497C-8767-EC0DA74B6128}.Release|iPhoneSimulator.ActiveCfg = Release|iPhoneSimulator
		{E6683B84-C5EC-497C-8767-EC0DA74B6128}.Release|iPhoneSimulator.Build.0 = Release|iPhoneSimulator
		{E6683B84-C5EC-497C-8767-EC0DA74B6128}.Release|iPhoneSimulator.Deploy.0 = Release|iPhoneSimulator
		{FBB72337-DED9-4AEB-815F-EE5711F3EC11}.Ad-Hoc|Any CPU.ActiveCfg = Debug|Any CPU
		{FBB72337-DED9-4AEB-815F-EE5711F3EC11}.Ad-Hoc|Any CPU.Build.0 = Debug|Any CPU
		{FBB72337-DED9-4AEB-815F-EE5711F3EC11}.Ad-Hoc|Any CPU.Deploy.0 = Debug|Any CPU
		{FBB72337-DED9-4AEB-815F-EE5711F3EC11}.Ad-Hoc|iPhone.ActiveCfg = Debug|Any CPU
		{FBB72337-DED9-4AEB-815F-EE5711F3EC11}.Ad-Hoc|iPhone.Build.0 = Debug|Any CPU
		{FBB72337-DED9-4AEB-815F-EE5711F3EC11}.Ad-Hoc|iPhone.Deploy.0 = Debug|Any CPU
		{FBB72337-DED9-4AEB-815F-EE5711F3EC11}.Ad-Hoc|iPhoneSimulator.ActiveCfg = Debug|Any CPU
		{FBB72337-DED9-4AEB-815F-EE5711F3EC11}.Ad-Hoc|iPhoneSimulator.Build.0 = Debug|Any CPU
		{FBB72337-DED9-4AEB-815F-EE5711F3EC11}.Ad-Hoc|iPhoneSimulator.Deploy.0 = Debug|Any CPU
		{FBB72337-DED9-4AEB-815F-EE5711F3EC11}.AppStore|Any CPU.ActiveCfg = Debug|Any CPU
		{FBB72337-DED9-4AEB-815F-EE5711F3EC11}.AppStore|Any CPU.Build.0 = Debug|Any CPU
		{FBB72337-DED9-4AEB-815F-EE5711F3EC11}.AppStore|Any CPU.Deploy.0 = Debug|Any CPU
		{FBB72337-DED9-4AEB-815F-EE5711F3EC11}.AppStore|iPhone.ActiveCfg = Debug|Any CPU
		{FBB72337-DED9-4AEB-815F-EE5711F3EC11}.AppStore|iPhone.Build.0 = Debug|Any CPU
		{FBB72337-DED9-4AEB-815F-EE5711F3EC11}.AppStore|iPhone.Deploy.0 = Debug|Any CPU
		{FBB72337-DED9-4AEB-815F-EE5711F3EC11}.AppStore|iPhoneSimulator.ActiveCfg = Debug|Any CPU
		{FBB72337-DED9-4AEB-815F-EE5711F3EC11}.AppStore|iPhoneSimulator.Build.0 = Debug|Any CPU
		{FBB72337-DED9-4AEB-815F-EE5711F3EC11}.AppStore|iPhoneSimulator.Deploy.0 = Debug|Any CPU
		{FBB72337-DED9-4AEB-815F-EE5711F3EC11}.Debug|Any CPU.ActiveCfg = Debug|Any CPU
		{FBB72337-DED9-4AEB-815F-EE5711F3EC11}.Debug|Any CPU.Build.0 = Debug|Any CPU
		{FBB72337-DED9-4AEB-815F-EE5711F3EC11}.Debug|Any CPU.Deploy.0 = Debug|Any CPU
		{FBB72337-DED9-4AEB-815F-EE5711F3EC11}.Debug|iPhone.ActiveCfg = Debug|Any CPU
		{FBB72337-DED9-4AEB-815F-EE5711F3EC11}.Debug|iPhone.Build.0 = Debug|Any CPU
		{FBB72337-DED9-4AEB-815F-EE5711F3EC11}.Debug|iPhone.Deploy.0 = Debug|Any CPU
		{FBB72337-DED9-4AEB-815F-EE5711F3EC11}.Debug|iPhoneSimulator.ActiveCfg = Debug|Any CPU
		{FBB72337-DED9-4AEB-815F-EE5711F3EC11}.Debug|iPhoneSimulator.Build.0 = Debug|Any CPU
		{FBB72337-DED9-4AEB-815F-EE5711F3EC11}.Debug|iPhoneSimulator.Deploy.0 = Debug|Any CPU
		{FBB72337-DED9-4AEB-815F-EE5711F3EC11}.Release|Any CPU.ActiveCfg = Release|Any CPU
		{FBB72337-DED9-4AEB-815F-EE5711F3EC11}.Release|Any CPU.Build.0 = Release|Any CPU
		{FBB72337-DED9-4AEB-815F-EE5711F3EC11}.Release|Any CPU.Deploy.0 = Release|Any CPU
		{FBB72337-DED9-4AEB-815F-EE5711F3EC11}.Release|iPhone.ActiveCfg = Release|Any CPU
		{FBB72337-DED9-4AEB-815F-EE5711F3EC11}.Release|iPhone.Build.0 = Release|Any CPU
		{FBB72337-DED9-4AEB-815F-EE5711F3EC11}.Release|iPhone.Deploy.0 = Release|Any CPU
		{FBB72337-DED9-4AEB-815F-EE5711F3EC11}.Release|iPhoneSimulator.ActiveCfg = Release|Any CPU
		{FBB72337-DED9-4AEB-815F-EE5711F3EC11}.Release|iPhoneSimulator.Build.0 = Release|Any CPU
		{FBB72337-DED9-4AEB-815F-EE5711F3EC11}.Release|iPhoneSimulator.Deploy.0 = Release|Any CPU
	EndGlobalSection
	GlobalSection(SolutionProperties) = preSolution
		HideSolutionNode = FALSE
	EndGlobalSection
	GlobalSection(ExtensibilityGlobals) = postSolution
		SolutionGuid = {3E6A2870-7586-4CC3-A143-982AB4AAD27A}
	EndGlobalSection
EndGlobal
